
Microsoft Visual Studio Solution File, Format Version 12.00
Project("{FAE04EC0-301F-11D3-BF4B-00C04F79EFBC}") = "PassengersForm", "PassengersForm\PassengersForm.csproj", "{0BE76B97-8587-495E-99B7-C1AA4DC63B88}"
EndProject
Project("{2150E333-8FDC-42A3-9474-1A3956D46DE8}") = "src", "src", "{0127FD1F-02ED-455D-9C2F-FC89B8499AFE}"
EndProject
Global
	GlobalSection(SolutionConfigurationPlatforms) = preSolution
		Debug|Any CPU = Debug|Any CPU
		Release|Any CPU = Release|Any CPU
	EndGlobalSection
	GlobalSection(ProjectConfigurationPlatforms) = postSolution
		{0BE76B97-8587-495E-99B7-C1AA4DC63B88}.Debug|Any CPU.ActiveCfg = Debug|Any CPU
		{0BE76B97-8587-495E-99B7-C1AA4DC63B88}.Debug|Any CPU.Build.0 = Debug|Any CPU
		{0BE76B97-8587-495E-99B7-C1AA4DC63B88}.Release|Any CPU.ActiveCfg = Release|Any CPU
		{0BE76B97-8587-495E-99B7-C1AA4DC63B88}.Release|Any CPU.Build.0 = Release|Any CPU
	EndGlobalSection
	GlobalSection(NestedProjects) = preSolution
		{0BE76B97-8587-495E-99B7-C1AA4DC63B88} = {0127FD1F-02ED-455D-9C2F-FC89B8499AFE}
	EndGlobalSection
EndGlobal
